// !$*UTF8*$!
{
	archiveVersion = 1;
	classes = {
	};
	objectVersion = 55;
	objects = {

/* Begin PBXBuildFile section */
		72CAB3E9281E5CD20098A7B2 /* AppDelegate.swift in Sources */ = {isa = PBXBuildFile; fileRef = 72CAB3E8281E5CD20098A7B2 /* AppDelegate.swift */; };
		72CAB3EB281E5CD20098A7B2 /* SceneDelegate.swift in Sources */ = {isa = PBXBuildFile; fileRef = 72CAB3EA281E5CD20098A7B2 /* SceneDelegate.swift */; };
		72CAB3ED281E5CD20098A7B2 /* ViewController.swift in Sources */ = {isa = PBXBuildFile; fileRef = 72CAB3EC281E5CD20098A7B2 /* ViewController.swift */; };
		72CAB3F0281E5CD20098A7B2 /* Main.storyboard in Resources */ = {isa = PBXBuildFile; fileRef = 72CAB3EE281E5CD20098A7B2 /* Main.storyboard */; };
		72CAB3F2281E5CD30098A7B2 /* Assets.xcassets in Resources */ = {isa = PBXBuildFile; fileRef = 72CAB3F1281E5CD30098A7B2 /* Assets.xcassets */; };
		72CAB3F5281E5CD30098A7B2 /* LaunchScreen.storyboard in Resources */ = {isa = PBXBuildFile; fileRef = 72CAB3F3281E5CD30098A7B2 /* LaunchScreen.storyboard */; };
		72CAB402281E5E2B0098A7B2 /* 3.png in Resources */ = {isa = PBXBuildFile; fileRef = 72CAB3FC281E5E2A0098A7B2 /* 3.png */; };
		72CAB403281E5E2B0098A7B2 /* 4.png in Resources */ = {isa = PBXBuildFile; fileRef = 72CAB3FD281E5E2B0098A7B2 /* 4.png */; };
		72CAB404281E5E2B0098A7B2 /* 5.png in Resources */ = {isa = PBXBuildFile; fileRef = 72CAB3FE281E5E2B0098A7B2 /* 5.png */; };
		72CAB405281E5E2B0098A7B2 /* 6.png in Resources */ = {isa = PBXBuildFile; fileRef = 72CAB3FF281E5E2B0098A7B2 /* 6.png */; };
		72CAB406281E5E2B0098A7B2 /* 1.png in Resources */ = {isa = PBXBuildFile; fileRef = 72CAB400281E5E2B0098A7B2 /* 1.png */; };
		72CAB407281E5E2B0098A7B2 /* 2.png in Resources */ = {isa = PBXBuildFile; fileRef = 72CAB401281E5E2B0098A7B2 /* 2.png */; };
/* End PBXBuildFile section */

/* Begin PBXFileReference section */
		72CAB3E5281E5CD20098A7B2 /* ImageViewrPractice.app */ = {isa = PBXFileReference; explicitFileType = wrapper.application; includeInIndex = 0; path = ImageViewrPractice.app; sourceTree = BUILT_PRODUCTS_DIR; };
		72CAB3E8281E5CD20098A7B2 /* AppDelegate.swift */ = {isa = PBXFileReference; lastKnownFileType = sourcecode.swift; path = AppDelegate.swift; sourceTree = "<group>"; };
		72CAB3EA281E5CD20098A7B2 /* SceneDelegate.swift */ = {isa = PBXFileReference; lastKnownFileType = sourcecode.swift; path = SceneDelegate.swift; sourceTree = "<group>"; };
		72CAB3EC281E5CD20098A7B2 /* ViewController.swift */ = {isa = PBXFileReference; lastKnownFileType = sourcecode.swift; path = ViewController.swift; sourceTree = "<group>"; };
		72CAB3EF281E5CD20098A7B2 /* Base */ = {isa = PBXFileReference; lastKnownFileType = file.storyboard; name = Base; path = Base.lproj/Main.storyboard; sourceTree = "<group>"; };
		72CAB3F1281E5CD30098A7B2 /* Assets.xcassets */ = {isa = PBXFileReference; lastKnownFileType = folder.assetcatalog; path = Assets.xcassets; sourceTree = "<group>"; };
		72CAB3F4281E5CD30098A7B2 /* Base */ = {isa = PBXFileReference; lastKnownFileType = file.storyboard; name = Base; path = Base.lproj/LaunchScreen.storyboard; sourceTree = "<group>"; };
		72CAB3F6281E5CD30098A7B2 /* Info.plist */ = {isa = PBXFileReference; lastKnownFileType = text.plist.xml; path = Info.plist; sourceTree = "<group>"; };
		72CAB3FC281E5E2A0098A7B2 /* 3.png */ = {isa = PBXFileReference; lastKnownFileType = image.png; path = 3.png; sourceTree = "<group>"; };
		72CAB3FD281E5E2B0098A7B2 /* 4.png */ = {isa = PBXFileReference; lastKnownFileType = image.png; path = 4.png; sourceTree = "<group>"; };
		72CAB3FE281E5E2B0098A7B2 /* 5.png */ = {isa = PBXFileReference; lastKnownFileType = image.png; path = 5.png; sourceTree = "<group>"; };
		72CAB3FF281E5E2B0098A7B2 /* 6.png */ = {isa = PBXFileReference; lastKnownFileType = image.png; path = 6.png; sourceTree = "<group>"; };
		72CAB400281E5E2B0098A7B2 /* 1.png */ = {isa = PBXFileReference; lastKnownFileType = image.png; path = 1.png; sourceTree = "<group>"; };
		72CAB401281E5E2B0098A7B2 /* 2.png */ = {isa = PBXFileReference; lastKnownFileType = image.png; path = 2.png; sourceTree = "<group>"; };
/* End PBXFileReference section */

/* Begin PBXFrameworksBuildPhase section */
		72CAB3E2281E5CD20098A7B2 /* Frameworks */ = {
			isa = PBXFrameworksBuildPhase;
			buildActionMask = 2147483647;
			files = (
			);
			runOnlyForDeploymentPostprocessing = 0;
		};
/* End PBXFrameworksBuildPhase section */

/* Begin PBXGroup section */
		72CAB3DC281E5CD20098A7B2 = {
			isa = PBXGroup;
			children = (
				72CAB3E7281E5CD20098A7B2 /* ImageViewrPractice */,
				72CAB3E6281E5CD20098A7B2 /* Products */,
			);
			sourceTree = "<group>";
		};
		72CAB3E6281E5CD20098A7B2 /* Products */ = {
			isa = PBXGroup;
			children = (
				72CAB3E5281E5CD20098A7B2 /* ImageViewrPractice.app */,
			);
			name = Products;
			sourceTree = "<group>";
		};
		72CAB3E7281E5CD20098A7B2 /* ImageViewrPractice */ = {
			isa = PBXGroup;
			children = (
				72CAB3E8281E5CD20098A7B2 /* AppDelegate.swift */,
				72CAB3EA281E5CD20098A7B2 /* SceneDelegate.swift */,
				72CAB3EC281E5CD20098A7B2 /* ViewController.swift */,
				72CAB3EE281E5CD20098A7B2 /* Main.storyboard */,
				72CAB3F1281E5CD30098A7B2 /* Assets.xcassets */,
				72CAB3F3281E5CD30098A7B2 /* LaunchScreen.storyboard */,
				72CAB3F6281E5CD30098A7B2 /* Info.plist */,
				72CAB400281E5E2B0098A7B2 /* 1.png */,
				72CAB401281E5E2B0098A7B2 /* 2.png */,
				72CAB3FC281E5E2A0098A7B2 /* 3.png */,
				72CAB3FD281E5E2B0098A7B2 /* 4.png */,
				72CAB3FE281E5E2B0098A7B2 /* 5.png */,
				72CAB3FF281E5E2B0098A7B2 /* 6.png */,
			);
			path = ImageViewrPractice;
			sourceTree = "<group>";
		};
/* End PBXGroup section */

/* Begin PBXNativeTarget section */
		72CAB3E4281E5CD20098A7B2 /* ImageViewrPractice */ = {
			isa = PBXNativeTarget;
			buildConfigurationList = 72CAB3F9281E5CD30098A7B2 /* Build configuration list for PBXNativeTarget "ImageViewrPractice" */;
			buildPhases = (
				72CAB3E1281E5CD20098A7B2 /* Sources */,
				72CAB3E2281E5CD20098A7B2 /* Frameworks */,
				72CAB3E3281E5CD20098A7B2 /* Resources */,
			);
			buildRules = (
			);
			dependencies = (
			);
			name = ImageViewrPractice;
			productName = ImageViewrPractice;
			productReference = 72CAB3E5281E5CD20098A7B2 /* ImageViewrPractice.app */;
			productType = "com.apple.product-type.application";
		};
/* End PBXNativeTarget section */

/* Begin PBXProject section */
		72CAB3DD281E5CD20098A7B2 /* Project object */ = {
			isa = PBXProject;
			attributes = {
				BuildIndependentTargetsInParallel = 1;
				LastSwiftUpdateCheck = 1330;
				LastUpgradeCheck = 1330;
				TargetAttributes = {
					72CAB3E4281E5CD20098A7B2 = {
						CreatedOnToolsVersion = 13.3.1;
					};
				};
			};
			buildConfigurationList = 72CAB3E0281E5CD20098A7B2 /* Build configuration list for PBXProject "ImageViewrPractice" */;
			compatibilityVersion = "Xcode 13.0";
			developmentRegion = en;
			hasScannedForEncodings = 0;
			knownRegions = (
				en,
				Base,
			);
			mainGroup = 72CAB3DC281E5CD20098A7B2;
			productRefGroup = 72CAB3E6281E5CD20098A7B2 /* Products */;
			projectDirPath = "";
			projectRoot = "";
			targets = (
				72CAB3E4281E5CD20098A7B2 /* ImageViewrPractice */,
			);
		};
/* End PBXProject section */

/* Begin PBXResourcesBuildPhase section */
		72CAB3E3281E5CD20098A7B2 /* Resources */ = {
			isa = PBXResourcesBuildPhase;
			buildActionMask = 2147483647;
			files = (
				72CAB405281E5E2B0098A7B2 /* 6.png in Resources */,
				72CAB406281E5E2B0098A7B2 /* 1.png in Resources */,
				72CAB3F5281E5CD30098A7B2 /* LaunchScreen.storyboard in Resources */,
				72CAB3F2281E5CD30098A7B2 /* Assets.xcassets in Resources */,
				72CAB3F0281E5CD20098A7B2 /* Main.storyboard in Resources */,
				72CAB404281E5E2B0098A7B2 /* 5.png in Resources */,
				72CAB407281E5E2B0098A7B2 /* 2.png in Resources */,
				72CAB403281E5E2B0098A7B2 /* 4.png in Resources */,
				72CAB402281E5E2B0098A7B2 /* 3.png in Resources */,
			);
			runOnlyForDeploymentPostprocessing = 0;
		};
/* End PBXResourcesBuildPhase section */

/* Begin PBXSourcesBuildPhase section */
		72CAB3E1281E5CD20098A7B2 /* Sources */ = {
			isa = PBXSourcesBuildPhase;
			buildActionMask = 2147483647;
			files = (
				72CAB3ED281E5CD20098A7B2 /* ViewController.swift in Sources */,
				72CAB3E9281E5CD20098A7B2 /* AppDelegate.swift in Sources */,
				72CAB3EB281E5CD20098A7B2 /* SceneDelegate.swift in Sources */,
			);
			runOnlyForDeploymentPostprocessing = 0;
		};
/* End PBXSourcesBuildPhase section */

/* Begin PBXVariantGroup section */
		72CAB3EE281E5CD20098A7B2 /* Main.storyboard */ = {
			isa = PBXVariantGroup;
			children = (
				72CAB3EF281E5CD20098A7B2 /* Base */,
			);
			name = Main.storyboard;
			sourceTree = "<group>";
		};
		72CAB3F3281E5CD30098A7B2 /* LaunchScreen.storyboard */ = {
			isa = PBXVariantGroup;
			children = (
				72CAB3F4281E5CD30098A7B2 /* Base */,
			);
			name = LaunchScreen.storyboard;
			sourceTree = "<group>";
		};
/* End PBXVariantGroup section */

/* Begin XCBuildConfiguration section */
		72CAB3F7281E5CD30098A7B2 /* Debug */ = {
			isa = XCBuildConfiguration;
			buildSettings = {
				ALWAYS_SEARCH_USER_PATHS = NO;
				CLANG_ANALYZER_NONNULL = YES;
				CLANG_ANALYZER_NUMBER_OBJECT_CONVERSION = YES_AGGRESSIVE;
				CLANG_CXX_LANGUAGE_STANDARD = "gnu++17";
				CLANG_ENABLE_MODULES = YES;
				CLANG_ENABLE_OBJC_ARC = YES;
				CLANG_ENABLE_OBJC_WEAK = YES;
				CLANG_WARN_BLOCK_CAPTURE_AUTORELEASING = YES;
				CLANG_WARN_BOOL_CONVERSION = YES;
				CLANG_WARN_COMMA = YES;
				CLANG_WARN_CONSTANT_CONVERSION = YES;
				CLANG_WARN_DEPRECATED_OBJC_IMPLEMENTATIONS = YES;
				CLANG_WARN_DIRECT_OBJC_ISA_USAGE = YES_ERROR;
				CLANG_WARN_DOCUMENTATION_COMMENTS = YES;
				CLANG_WARN_EMPTY_BODY = YES;
				CLANG_WARN_ENUM_CONVERSION = YES;
				CLANG_WARN_INFINITE_RECURSION = YES;
				CLANG_WARN_INT_CONVERSION = YES;
				CLANG_WARN_NON_LITERAL_NULL_CONVERSION = YES;
				CLANG_WARN_OBJC_IMPLICIT_RETAIN_SELF = YES;
				CLANG_WARN_OBJC_LITERAL_CONVERSION = YES;
				CLANG_WARN_OBJC_ROOT_CLASS = YES_ERROR;
				CLANG_WARN_QUOTED_INCLUDE_IN_FRAMEWORK_HEADER = YES;
				CLANG_WARN_RANGE_LOOP_ANALYSIS = YES;
				CLANG_WARN_STRICT_PROTOTYPES = YES;
				CLANG_WARN_SUSPICIOUS_MOVE = YES;
				CLANG_WARN_UNGUARDED_AVAILABILITY = YES_AGGRESSIVE;
				CLANG_WARN_UNREACHABLE_CODE = YES;
				CLANG_WARN__DUPLICATE_METHOD_MATCH = YES;
				COPY_PHASE_STRIP = NO;
				DEBUG_INFORMATION_FORMAT = dwarf;
				ENABLE_STRICT_OBJC_MSGSEND = YES;
				ENABLE_TESTABILITY = YES;
				GCC_C_LANGUAGE_STANDARD = gnu11;
				GCC_DYNAMIC_NO_PIC = NO;
				GCC_NO_COMMON_BLOCKS = YES;
				GCC_OPTIMIZATION_LEVEL = 0;
				GCC_PREPROCESSOR_DEFINITIONS = (
					"DEBUG=1",
					"$(inherited)",
				);
				GCC_WARN_64_TO_32_BIT_CONVERSION = YES;
				GCC_WARN_ABOUT_RETURN_TYPE = YES_ERROR;
				GCC_WARN_UNDECLARED_SELECTOR = YES;
				GCC_WARN_UNINITIALIZED_AUTOS = YES_AGGRESSIVE;
				GCC_WARN_UNUSED_FUNCTION = YES;
				GCC_WARN_UNUSED_VARIABLE = YES;
				IPHONEOS_DEPLOYMENT_TARGET = 15.4;
				MTL_ENABLE_DEBUG_INFO = INCLUDE_SOURCE;
				MTL_FAST_MATH = YES;
				ONLY_ACTIVE_ARCH = YES;
				SDKROOT = iphoneos;
				SWIFT_ACTIVE_COMPILATION_CONDITIONS = DEBUG;
				SWIFT_OPTIMIZATION_LEVEL = "-Onone";
			};
			name = Debug;
		};
		72CAB3F8281E5CD30098A7B2 /* Release */ = {
			isa = XCBuildConfiguration;
			buildSettings = {
				ALWAYS_SEARCH_USER_PATHS = NO;
				CLANG_ANALYZER_NONNULL = YES;
				CLANG_ANALYZER_NUMBER_OBJECT_CONVERSION = YES_AGGRESSIVE;
				CLANG_CXX_LANGUAGE_STANDARD = "gnu++17";
				CLANG_ENABLE_MODULES = YES;
				CLANG_ENABLE_OBJC_ARC = YES;
				CLANG_ENABLE_OBJC_WEAK = YES;
				CLANG_WARN_BLOCK_CAPTURE_AUTORELEASING = YES;
				CLANG_WARN_BOOL_CONVERSION = YES;
				CLANG_WARN_COMMA = YES;
				CLANG_WARN_CONSTANT_CONVERSION = YES;
				CLANG_WARN_DEPRECATED_OBJC_IMPLEMENTATIONS = YES;
				CLANG_WARN_DIRECT_OBJC_ISA_USAGE = YES_ERROR;
				CLANG_WARN_DOCUMENTATION_COMMENTS = YES;
				CLANG_WARN_EMPTY_BODY = YES;
				CLANG_WARN_ENUM_CONVERSION = YES;
				CLANG_WARN_INFINITE_RECURSION = YES;
				CLANG_WARN_INT_CONVERSION = YES;
				CLANG_WARN_NON_LITERAL_NULL_CONVERSION = YES;
				CLANG_WARN_OBJC_IMPLICIT_RETAIN_SELF = YES;
				CLANG_WARN_OBJC_LITERAL_CONVERSION = YES;
				CLANG_WARN_OBJC_ROOT_CLASS = YES_ERROR;
				CLANG_WARN_QUOTED_INCLUDE_IN_FRAMEWORK_HEADER = YES;
				CLANG_WARN_RANGE_LOOP_ANALYSIS = YES;
				CLANG_WARN_STRICT_PROTOTYPES = YES;
				CLANG_WARN_SUSPICIOUS_MOVE = YES;
				CLANG_WARN_UNGUARDED_AVAILABILITY = YES_AGGRESSIVE;
				CLANG_WARN_UNREACHABLE_CODE = YES;
				CLANG_WARN__DUPLICATE_METHOD_MATCH = YES;
				COPY_PHASE_STRIP = NO;
				DEBUG_INFORMATION_FORMAT = "dwarf-with-dsym";
				ENABLE_NS_ASSERTIONS = NO;
				ENABLE_STRICT_OBJC_MSGSEND = YES;
				GCC_C_LANGUAGE_STANDARD = gnu11;
				GCC_NO_COMMON_BLOCKS = YES;
				GCC_WARN_64_TO_32_BIT_CONVERSION = YES;
				GCC_WARN_ABOUT_RETURN_TYPE = YES_ERROR;
				GCC_WARN_UNDECLARED_SELECTOR = YES;
				GCC_WARN_UNINITIALIZED_AUTOS = YES_AGGRESSIVE;
				GCC_WARN_UNUSED_FUNCTION = YES;
				GCC_WARN_UNUSED_VARIABLE = YES;
				IPHONEOS_DEPLOYMENT_TARGET = 15.4;
				MTL_ENABLE_DEBUG_INFO = NO;
				MTL_FAST_MATH = YES;
				SDKROOT = iphoneos;
				SWIFT_COMPILATION_MODE = wholemodule;
				SWIFT_OPTIMIZATION_LEVEL = "-O";
				VALIDATE_PRODUCT = YES;
			};
			name = Release;
		};
		72CAB3FA281E5CD30098A7B2 /* Debug */ = {
			isa = XCBuildConfiguration;
			buildSettings = {
				ASSETCATALOG_COMPILER_APPICON_NAME = AppIcon;
				ASSETCATALOG_COMPILER_GLOBAL_ACCENT_COLOR_NAME = AccentColor;
				CODE_SIGN_STYLE = Automatic;
				CURRENT_PROJECT_VERSION = 1;
				DEVELOPMENT_TEAM = 3PJA7NVP59;
				GENERATE_INFOPLIST_FILE = YES;
				INFOPLIST_FILE = ImageViewrPractice/Info.plist;
				INFOPLIST_KEY_UIApplicationSupportsIndirectInputEvents = YES;
				INFOPLIST_KEY_UILaunchStoryboardName = LaunchScreen;
				INFOPLIST_KEY_UIMainStoryboardFile = Main;
				INFOPLIST_KEY_UISupportedInterfaceOrientations = UIInterfaceOrientationPortrait;
				INFOPLIST_KEY_UISupportedInterfaceOrientations_iPad = "UIInterfaceOrientationPortrait UIInterfaceOrientationPortraitUpsideDown UIInterfaceOrientationLandscapeLeft UIInterfaceOrientationLandscapeRight";
				INFOPLIST_KEY_UISupportedInterfaceOrientations_iPhone = "UIInterfaceOrientationPortrait UIInterfaceOrientationLandscapeLeft UIInterfaceOrientationLandscapeRight";
				LD_RUNPATH_SEARCH_PATHS = (
					"$(inherited)",
					"@executable_path/Frameworks",
				);
				MARKETING_VERSION = 1.0;
				PRODUCT_BUNDLE_IDENTIFIER = com.ddangchani.ImageViewrPractice;
				PRODUCT_NAME = "$(TARGET_NAME)";
				SWIFT_EMIT_LOC_STRINGS = YES;
				SWIFT_VERSION = 5.0;
				TARGETED_DEVICE_FAMILY = 1;
			};
			name = Debug;
		};
		72CAB3FB281E5CD30098A7B2 /* Release */ = {
			isa = XCBuildConfiguration;
			buildSettings = {
				ASSETCATALOG_COMPILER_APPICON_NAME = AppIcon;
				ASSETCATALOG_COMPILER_GLOBAL_ACCENT_COLOR_NAME = AccentColor;
				CODE_SIGN_STYLE = Automatic;
				CURRENT_PROJECT_VERSION = 1;
				DEVELOPMENT_TEAM = 3PJA7NVP59;
				GENERATE_INFOPLIST_FILE = YES;
				INFOPLIST_FILE = ImageViewrPractice/Info.plist;
				INFOPLIST_KEY_UIApplicationSupportsIndirectInputEvents = YES;
				INFOPLIST_KEY_UILaunchStoryboardName = LaunchScreen;
				INFOPLIST_KEY_UIMainStoryboardFile = Main;
				INFOPLIST_KEY_UISupportedInterfaceOrientations = UIInterfaceOrientationPortrait;
				INFOPLIST_KEY_UISupportedInterfaceOrientations_iPad = "UIInterfaceOrientationPortrait UIInterfaceOrientationPortraitUpsideDown UIInterfaceOrientationLandscapeLeft UIInterfaceOrientationLandscapeRight";
				INFOPLIST_KEY_UISupportedInterfaceOrientations_iPhone = "UIInterfaceOrientationPortrait UIInterfaceOrientationLandscapeLeft UIInterfaceOrientationLandscapeRight";
				LD_RUNPATH_SEARCH_PATHS = (
					"$(inherited)",
					"@executable_path/Frameworks",
				);
				MARKETING_VERSION = 1.0;
				PRODUCT_BUNDLE_IDENTIFIER = com.ddangchani.ImageViewrPractice;
				PRODUCT_NAME = "$(TARGET_NAME)";
				SWIFT_EMIT_LOC_STRINGS = YES;
				SWIFT_VERSION = 5.0;
				TARGETED_DEVICE_FAMILY = 1;
			};
			name = Release;
		};
/* End XCBuildConfiguration section */

/* Begin XCConfigurationList section */
		72CAB3E0281E5CD20098A7B2 /* Build configuration list for PBXProject "ImageViewrPractice" */ = {
			isa = XCConfigurationList;
			buildConfigurations = (
				72CAB3F7281E5CD30098A7B2 /* Debug */,
				72CAB3F8281E5CD30098A7B2 /* Release */,
			);
			defaultConfigurationIsVisible = 0;
			defaultConfigurationName = Release;
		};
		72CAB3F9281E5CD30098A7B2 /* Build configuration list for PBXNativeTarget "ImageViewrPractice" */ = {
			isa = XCConfigurationList;
			buildConfigurations = (
				72CAB3FA281E5CD30098A7B2 /* Debug */,
				72CAB3FB281E5CD30098A7B2 /* Release */,
			);
			defaultConfigurationIsVisible = 0;
			defaultConfigurationName = Release;
		};
/* End XCConfigurationList section */
	};
	rootObject = 72CAB3DD281E5CD20098A7B2 /* Project object */;
}
